
Microsoft Visual Studio Solution File, Format Version 12.00
# Visual Studio Version 17
VisualStudioVersion = 17.13.35931.197
MinimumVisualStudioVersion = 10.0.40219.1
Project("{2150E333-8FDC-42A3-9474-1A3956D46DE8}") = "01-WebAPI", "01-WebAPI", "{02EA681E-C7D8-13C7-8484-4AC65E1B71E8}"
EndProject
Project("{2150E333-8FDC-42A3-9474-1A3956D46DE8}") = "02-Dominio", "02-Dominio", "{FA405196-0266-4D84-8AFA-F859FAAB453D}"
EndProject
Project("{2150E333-8FDC-42A3-9474-1A3956D46DE8}") = "03-Aplicacion", "03-Aplicacion", "{77B58DB8-DD8B-4F34-9887-9CAC6B22ABEA}"
EndProject
Project("{2150E333-8FDC-42A3-9474-1A3956D46DE8}") = "04-Repositorio", "04-Repositorio", "{DB089229-C195-4165-BC76-86EF9A881E66}"
EndProject
Project("{2150E333-8FDC-42A3-9474-1A3956D46DE8}") = "05-Util", "05-Util", "{63C68950-D1A6-4095-82AC-69EAB82A46DF}"
EndProject
Project("{FAE04EC0-301F-11D3-BF4B-00C04F79EFBC}") = "CEIMICBE.Modelos", "CEIMICBE.Modelos\CEIMICBE.Modelos.csproj", "{7FAABDF8-C0CA-4B8C-AA29-A10AE24E14C4}"
EndProject
Project("{FAE04EC0-301F-11D3-BF4B-00C04F79EFBC}") = "CEIMICBE.Aplicacion", "CEIMICBE.Aplicacion\CEIMICBE.Aplicacion.csproj", "{40C3A776-02B9-443E-9572-55B8B316A953}"
EndProject
Project("{FAE04EC0-301F-11D3-BF4B-00C04F79EFBC}") = "CEIMICBE.Repositorio", "CEIMICBE.Repositorio\CEIMICBE.Repositorio.csproj", "{C393AE0D-B34B-40D5-87DA-F0D209441593}"
EndProject
Project("{FAE04EC0-301F-11D3-BF4B-00C04F79EFBC}") = "CEIMICBE.Configuracion", "CEIMICBE.Configuracion\CEIMICBE.Configuracion.csproj", "{5377037E-7BDF-416A-A42F-7BA98455DDED}"
EndProject
Project("{FAE04EC0-301F-11D3-BF4B-00C04F79EFBC}") = "CEIMICBE.WebAPI", "CEIMICBE.WebAPI\CEIMICBE.WebAPI.csproj", "{4697717C-CD20-4A7A-AC8B-CA272A6E29C7}"
EndProject
Global
	GlobalSection(SolutionConfigurationPlatforms) = preSolution
		Debug|Any CPU = Debug|Any CPU
		Release|Any CPU = Release|Any CPU
	EndGlobalSection
	GlobalSection(ProjectConfigurationPlatforms) = postSolution
		{7FAABDF8-C0CA-4B8C-AA29-A10AE24E14C4}.Debug|Any CPU.ActiveCfg = Debug|Any CPU
		{7FAABDF8-C0CA-4B8C-AA29-A10AE24E14C4}.Debug|Any CPU.Build.0 = Debug|Any CPU
		{7FAABDF8-C0CA-4B8C-AA29-A10AE24E14C4}.Release|Any CPU.ActiveCfg = Release|Any CPU
		{7FAABDF8-C0CA-4B8C-AA29-A10AE24E14C4}.Release|Any CPU.Build.0 = Release|Any CPU
		{40C3A776-02B9-443E-9572-55B8B316A953}.Debug|Any CPU.ActiveCfg = Debug|Any CPU
		{40C3A776-02B9-443E-9572-55B8B316A953}.Debug|Any CPU.Build.0 = Debug|Any CPU
		{40C3A776-02B9-443E-9572-55B8B316A953}.Release|Any CPU.ActiveCfg = Release|Any CPU
		{40C3A776-02B9-443E-9572-55B8B316A953}.Release|Any CPU.Build.0 = Release|Any CPU
		{C393AE0D-B34B-40D5-87DA-F0D209441593}.Debug|Any CPU.ActiveCfg = Debug|Any CPU
		{C393AE0D-B34B-40D5-87DA-F0D209441593}.Debug|Any CPU.Build.0 = Debug|Any CPU
		{C393AE0D-B34B-40D5-87DA-F0D209441593}.Release|Any CPU.ActiveCfg = Release|Any CPU
		{C393AE0D-B34B-40D5-87DA-F0D209441593}.Release|Any CPU.Build.0 = Release|Any CPU
		{5377037E-7BDF-416A-A42F-7BA98455DDED}.Debug|Any CPU.ActiveCfg = Debug|Any CPU
		{5377037E-7BDF-416A-A42F-7BA98455DDED}.Debug|Any CPU.Build.0 = Debug|Any CPU
		{5377037E-7BDF-416A-A42F-7BA98455DDED}.Release|Any CPU.ActiveCfg = Release|Any CPU
		{5377037E-7BDF-416A-A42F-7BA98455DDED}.Release|Any CPU.Build.0 = Release|Any CPU
		{4697717C-CD20-4A7A-AC8B-CA272A6E29C7}.Debug|Any CPU.ActiveCfg = Debug|Any CPU
		{4697717C-CD20-4A7A-AC8B-CA272A6E29C7}.Debug|Any CPU.Build.0 = Debug|Any CPU
		{4697717C-CD20-4A7A-AC8B-CA272A6E29C7}.Release|Any CPU.ActiveCfg = Release|Any CPU
		{4697717C-CD20-4A7A-AC8B-CA272A6E29C7}.Release|Any CPU.Build.0 = Release|Any CPU
	EndGlobalSection
	GlobalSection(SolutionProperties) = preSolution
		HideSolutionNode = FALSE
	EndGlobalSection
	GlobalSection(NestedProjects) = preSolution
		{7FAABDF8-C0CA-4B8C-AA29-A10AE24E14C4} = {FA405196-0266-4D84-8AFA-F859FAAB453D}
		{40C3A776-02B9-443E-9572-55B8B316A953} = {77B58DB8-DD8B-4F34-9887-9CAC6B22ABEA}
		{C393AE0D-B34B-40D5-87DA-F0D209441593} = {DB089229-C195-4165-BC76-86EF9A881E66}
		{5377037E-7BDF-416A-A42F-7BA98455DDED} = {63C68950-D1A6-4095-82AC-69EAB82A46DF}
		{4697717C-CD20-4A7A-AC8B-CA272A6E29C7} = {02EA681E-C7D8-13C7-8484-4AC65E1B71E8}
	EndGlobalSection
	GlobalSection(ExtensibilityGlobals) = postSolution
		SolutionGuid = {22B9C0A9-CFE6-484E-8642-0FB39AC506AE}
	EndGlobalSection
EndGlobal
